{
  "nodes": {
    "nixpkgs": {
      "locked": {
        "lastModified": 1702765909,
        "narHash": "sha256-362IaM+hMubZEfGUD1UMESd+ur+T341a0XLojMyRfHs=",
        "owner": "NixOS",
        "repo": "nixpkgs",
        "rev": "ffb71fa3d63ddbbd4f84ca4aa03eabae9061a415",
        "type": "github"
      },
      "original": {
        "owner": "NixOS",
        "repo": "nixpkgs",
        "type": "github"
      }
    },
    "root": {
      "inputs": {
        "nixpkgs": "nixpkgs"
      }
    }
  },
  "root": "root",
  "version": 7
}
